
Microsoft Visual Studio Solution File, Format Version 12.00
# Visual Studio Version 16
VisualStudioVersion = 16.0.29613.14
MinimumVisualStudioVersion = 10.0.40219.1
Project("{FAE04EC0-301F-11D3-BF4B-00C04F79EFBC}") = "Google.ReCaptcha", "src\Google.ReCaptcha\Google.ReCaptcha.csproj", "{6841DE41-7F91-4CE8-B692-28F059FCC8F2}"
EndProject
Global
	GlobalSection(SolutionConfigurationPlatforms) = preSolution
		Debug|Any CPU = Debug|Any CPU
		Release|Any CPU = Release|Any CPU
	EndGlobalSection
	GlobalSection(ProjectConfigurationPlatforms) = postSolution
		{6841DE41-7F91-4CE8-B692-28F059FCC8F2}.Debug|Any CPU.ActiveCfg = Debug|Any CPU
		{6841DE41-7F91-4CE8-B692-28F059FCC8F2}.Debug|Any CPU.Build.0 = Debug|Any CPU
		{6841DE41-7F91-4CE8-B692-28F059FCC8F2}.Release|Any CPU.ActiveCfg = Release|Any CPU
		{6841DE41-7F91-4CE8-B692-28F059FCC8F2}.Release|Any CPU.Build.0 = Release|Any CPU
	EndGlobalSection
	GlobalSection(SolutionProperties) = preSolution
		HideSolutionNode = FALSE
	EndGlobalSection
	GlobalSection(ExtensibilityGlobals) = postSolution
		SolutionGuid = {2B34C353-F2E2-470F-9E90-7EFF2DD39783}
	EndGlobalSection
EndGlobal
